// !$*UTF8*$!
{
	archiveVersion = 1;
	classes = {
	};
	objectVersion = 55;
	objects = {

/* Begin PBXBuildFile section */
		B43C7C4C279C9FBA00B41C82 /* NetworkLayer in Frameworks */ = {isa = PBXBuildFile; productRef = B43C7C4B279C9FBA00B41C82 /* NetworkLayer */; };
		B43C7C50279D8A2500B41C82 /* WeatherMapFeature in Frameworks */ = {isa = PBXBuildFile; productRef = B43C7C4F279D8A2500B41C82 /* WeatherMapFeature */; };
		B43C7C53279DA7D600B41C82 /* SearchCityFeature in Frameworks */ = {isa = PBXBuildFile; productRef = B43C7C52279DA7D600B41C82 /* SearchCityFeature */; };
		B43C7C56279DC3F600B41C82 /* WeatherDetailFeature in Frameworks */ = {isa = PBXBuildFile; productRef = B43C7C55279DC3F600B41C82 /* WeatherDetailFeature */; };
		B497D72C279B5001003A689B /* AppDelegate.swift in Sources */ = {isa = PBXBuildFile; fileRef = B497D72B279B5001003A689B /* AppDelegate.swift */; };
		B497D72E279B5001003A689B /* SceneDelegate.swift in Sources */ = {isa = PBXBuildFile; fileRef = B497D72D279B5001003A689B /* SceneDelegate.swift */; };
		B497D730279B5001003A689B /* TabBarController.swift in Sources */ = {isa = PBXBuildFile; fileRef = B497D72F279B5001003A689B /* TabBarController.swift */; };
		B497D735279B5003003A689B /* Assets.xcassets in Resources */ = {isa = PBXBuildFile; fileRef = B497D734279B5003003A689B /* Assets.xcassets */; };
		B497D738279B5003003A689B /* LaunchScreen.storyboard in Resources */ = {isa = PBXBuildFile; fileRef = B497D736279B5003003A689B /* LaunchScreen.storyboard */; };
		B497D74E279B5AC4003A689B /* UIComponents in Frameworks */ = {isa = PBXBuildFile; productRef = B497D74D279B5AC4003A689B /* UIComponents */; };
		E65EAD6E27A731AF00581A0C /* DependencyInjector.swift in Sources */ = {isa = PBXBuildFile; fileRef = E65EAD6D27A731AF00581A0C /* DependencyInjector.swift */; };
		E65EAD7E27A73E5100581A0C /* Localizable.strings in Resources */ = {isa = PBXBuildFile; fileRef = E65EAD7927A73E5100581A0C /* Localizable.strings */; };
		E65EAD7F27A73E5100581A0C /* Localizable.strings in Resources */ = {isa = PBXBuildFile; fileRef = E65EAD7C27A73E5100581A0C /* Localizable.strings */; };
		E65EAD8127A73F0200581A0C /* Localizable.swift in Sources */ = {isa = PBXBuildFile; fileRef = E65EAD8027A73F0200581A0C /* Localizable.swift */; };
		E6676B0327A7401200967671 /* Images.swift in Sources */ = {isa = PBXBuildFile; fileRef = E6676B0227A7401200967671 /* Images.swift */; };
		E6EB0499279F55EF00E40174 /* FavouritesFlowLayoutFeature in Frameworks */ = {isa = PBXBuildFile; productRef = E6EB0498279F55EF00E40174 /* FavouritesFlowLayoutFeature */; };
/* End PBXBuildFile section */

/* Begin PBXFileReference section */
		B43C7C41279C458B00B41C82 /* Utilities */ = {isa = PBXFileReference; lastKnownFileType = wrapper; name = Utilities; path = ../Modules/Utilities; sourceTree = "<group>"; };
		B43C7C4A279C9FA400B41C82 /* NetworkLayer */ = {isa = PBXFileReference; lastKnownFileType = wrapper; name = NetworkLayer; path = ../Modules/NetworkLayer; sourceTree = "<group>"; };
		B43C7C4E279D8A1D00B41C82 /* WeatherMapFeature */ = {isa = PBXFileReference; lastKnownFileType = wrapper; name = WeatherMapFeature; path = ../Modules/WeatherMapFeature; sourceTree = "<group>"; };
		B43C7C51279DA71F00B41C82 /* SearchCityFeature */ = {isa = PBXFileReference; lastKnownFileType = wrapper; name = SearchCityFeature; path = ../Modules/SearchCityFeature; sourceTree = "<group>"; };
		B43C7C54279DC28600B41C82 /* WeatherDetailFeature */ = {isa = PBXFileReference; lastKnownFileType = wrapper; name = WeatherDetailFeature; path = ../Modules/WeatherDetailFeature; sourceTree = "<group>"; };
		B497D728279B5001003A689B /* WeatherApp.app */ = {isa = PBXFileReference; explicitFileType = wrapper.application; includeInIndex = 0; path = WeatherApp.app; sourceTree = BUILT_PRODUCTS_DIR; };
		B497D72B279B5001003A689B /* AppDelegate.swift */ = {isa = PBXFileReference; lastKnownFileType = sourcecode.swift; path = AppDelegate.swift; sourceTree = "<group>"; };
		B497D72D279B5001003A689B /* SceneDelegate.swift */ = {isa = PBXFileReference; lastKnownFileType = sourcecode.swift; path = SceneDelegate.swift; sourceTree = "<group>"; };
		B497D72F279B5001003A689B /* TabBarController.swift */ = {isa = PBXFileReference; lastKnownFileType = sourcecode.swift; path = TabBarController.swift; sourceTree = "<group>"; };
		B497D734279B5003003A689B /* Assets.xcassets */ = {isa = PBXFileReference; lastKnownFileType = folder.assetcatalog; path = Assets.xcassets; sourceTree = "<group>"; };
		B497D737279B5003003A689B /* Base */ = {isa = PBXFileReference; lastKnownFileType = file.storyboard; name = Base; path = Base.lproj/LaunchScreen.storyboard; sourceTree = "<group>"; };
		B497D739279B5003003A689B /* Info.plist */ = {isa = PBXFileReference; lastKnownFileType = text.plist.xml; path = Info.plist; sourceTree = "<group>"; };
		B497D749279B5698003A689B /* UIComponents */ = {isa = PBXFileReference; lastKnownFileType = wrapper; name = UIComponents; path = ../Modules/UIComponents; sourceTree = "<group>"; };
		E65EAD6D27A731AF00581A0C /* DependencyInjector.swift */ = {isa = PBXFileReference; lastKnownFileType = sourcecode.swift; path = DependencyInjector.swift; sourceTree = "<group>"; };
		E65EAD7A27A73E5100581A0C /* sk */ = {isa = PBXFileReference; lastKnownFileType = text.plist.strings; name = sk; path = Localizable.strings; sourceTree = "<group>"; };
		E65EAD7D27A73E5100581A0C /* en */ = {isa = PBXFileReference; lastKnownFileType = text.plist.strings; name = en; path = Localizable.strings; sourceTree = "<group>"; };
		E65EAD8027A73F0200581A0C /* Localizable.swift */ = {isa = PBXFileReference; lastKnownFileType = sourcecode.swift; path = Localizable.swift; sourceTree = "<group>"; };
		E6676B0227A7401200967671 /* Images.swift */ = {isa = PBXFileReference; lastKnownFileType = sourcecode.swift; path = Images.swift; sourceTree = "<group>"; };
		E6EB0495279F432800E40174 /* BusinessLogicLayer */ = {isa = PBXFileReference; lastKnownFileType = wrapper; name = BusinessLogicLayer; path = ../Modules/BusinessLogicLayer; sourceTree = "<group>"; };
		E6EB0497279F55DB00E40174 /* FavouritesFlowLayoutFeature */ = {isa = PBXFileReference; lastKnownFileType = wrapper; name = FavouritesFlowLayoutFeature; path = ../Modules/FavouritesFlowLayoutFeature; sourceTree = "<group>"; };
/* End PBXFileReference section */

/* Begin PBXFrameworksBuildPhase section */
		B497D725279B5001003A689B /* Frameworks */ = {
			isa = PBXFrameworksBuildPhase;
			buildActionMask = 2147483647;
			files = (
				B43C7C56279DC3F600B41C82 /* WeatherDetailFeature in Frameworks */,
				B43C7C53279DA7D600B41C82 /* SearchCityFeature in Frameworks */,
				B497D74E279B5AC4003A689B /* UIComponents in Frameworks */,
				E6EB0499279F55EF00E40174 /* FavouritesFlowLayoutFeature in Frameworks */,
				B43C7C4C279C9FBA00B41C82 /* NetworkLayer in Frameworks */,
				B43C7C50279D8A2500B41C82 /* WeatherMapFeature in Frameworks */,
			);
			runOnlyForDeploymentPostprocessing = 0;
		};
/* End PBXFrameworksBuildPhase section */

/* Begin PBXGroup section */
		B497D71F279B5001003A689B = {
			isa = PBXGroup;
			children = (
				B497D747279B566C003A689B /* Packages */,
				B497D72A279B5001003A689B /* WeatherApp */,
				B497D729279B5001003A689B /* Products */,
				B497D74A279B56C7003A689B /* Frameworks */,
			);
			sourceTree = "<group>";
		};
		B497D729279B5001003A689B /* Products */ = {
			isa = PBXGroup;
			children = (
				B497D728279B5001003A689B /* WeatherApp.app */,
			);
			name = Products;
			sourceTree = "<group>";
		};
		B497D72A279B5001003A689B /* WeatherApp */ = {
			isa = PBXGroup;
			children = (
				E6676B0127A7400300967671 /* Constants */,
				B497D740279B50BB003A689B /* Assets */,
				B497D73F279B50B0003A689B /* Application */,
				B497D739279B5003003A689B /* Info.plist */,
			);
			path = WeatherApp;
			sourceTree = "<group>";
		};
		B497D73F279B50B0003A689B /* Application */ = {
			isa = PBXGroup;
			children = (
				B497D72F279B5001003A689B /* TabBarController.swift */,
				B497D72B279B5001003A689B /* AppDelegate.swift */,
				B497D72D279B5001003A689B /* SceneDelegate.swift */,
				E65EAD6D27A731AF00581A0C /* DependencyInjector.swift */,
			);
			path = Application;
			sourceTree = "<group>";
		};
		B497D740279B50BB003A689B /* Assets */ = {
			isa = PBXGroup;
			children = (
				E65EAD7B27A73E5100581A0C /* en.lproj */,
				E65EAD7827A73E5100581A0C /* sk.lproj */,
				B497D734279B5003003A689B /* Assets.xcassets */,
				B497D736279B5003003A689B /* LaunchScreen.storyboard */,
			);
			path = Assets;
			sourceTree = "<group>";
		};
		B497D747279B566C003A689B /* Packages */ = {
			isa = PBXGroup;
			children = (
				B497D749279B5698003A689B /* UIComponents */,
				B43C7C41279C458B00B41C82 /* Utilities */,
				B43C7C4A279C9FA400B41C82 /* NetworkLayer */,
				B43C7C4E279D8A1D00B41C82 /* WeatherMapFeature */,
				B43C7C51279DA71F00B41C82 /* SearchCityFeature */,
				B43C7C54279DC28600B41C82 /* WeatherDetailFeature */,
				E6EB0495279F432800E40174 /* BusinessLogicLayer */,
				E6EB0497279F55DB00E40174 /* FavouritesFlowLayoutFeature */,
			);
			name = Packages;
			sourceTree = "<group>";
		};
		B497D74A279B56C7003A689B /* Frameworks */ = {
			isa = PBXGroup;
			children = (
			);
			name = Frameworks;
			sourceTree = "<group>";
		};
		E65EAD7827A73E5100581A0C /* sk.lproj */ = {
			isa = PBXGroup;
			children = (
				E65EAD7927A73E5100581A0C /* Localizable.strings */,
			);
			path = sk.lproj;
			sourceTree = "<group>";
		};
		E65EAD7B27A73E5100581A0C /* en.lproj */ = {
			isa = PBXGroup;
			children = (
				E65EAD7C27A73E5100581A0C /* Localizable.strings */,
			);
			path = en.lproj;
			sourceTree = "<group>";
		};
		E6676B0127A7400300967671 /* Constants */ = {
			isa = PBXGroup;
			children = (
				E65EAD8027A73F0200581A0C /* Localizable.swift */,
				E6676B0227A7401200967671 /* Images.swift */,
			);
			path = Constants;
			sourceTree = "<group>";
		};
/* End PBXGroup section */

/* Begin PBXNativeTarget section */
		B497D727279B5001003A689B /* WeatherApp */ = {
			isa = PBXNativeTarget;
			buildConfigurationList = B497D73C279B5003003A689B /* Build configuration list for PBXNativeTarget "WeatherApp" */;
			buildPhases = (
				B497D724279B5001003A689B /* Sources */,
				B497D725279B5001003A689B /* Frameworks */,
				B497D726279B5001003A689B /* Resources */,
			);
			buildRules = (
			);
			dependencies = (
			);
			name = WeatherApp;
			packageProductDependencies = (
				B497D74D279B5AC4003A689B /* UIComponents */,
				B43C7C4B279C9FBA00B41C82 /* NetworkLayer */,
				B43C7C4F279D8A2500B41C82 /* WeatherMapFeature */,
				B43C7C52279DA7D600B41C82 /* SearchCityFeature */,
				B43C7C55279DC3F600B41C82 /* WeatherDetailFeature */,
				E6EB0498279F55EF00E40174 /* FavouritesFlowLayoutFeature */,
			);
			productName = WeatherApp;
			productReference = B497D728279B5001003A689B /* WeatherApp.app */;
			productType = "com.apple.product-type.application";
		};
/* End PBXNativeTarget section */

/* Begin PBXProject section */
		B497D720279B5001003A689B /* Project object */ = {
			isa = PBXProject;
			attributes = {
				BuildIndependentTargetsInParallel = 1;
				LastSwiftUpdateCheck = 1320;
				LastUpgradeCheck = 1320;
				TargetAttributes = {
					B497D727279B5001003A689B = {
						CreatedOnToolsVersion = 13.2.1;
					};
				};
			};
			buildConfigurationList = B497D723279B5001003A689B /* Build configuration list for PBXProject "WeatherApp" */;
			compatibilityVersion = "Xcode 13.0";
			developmentRegion = en;
			hasScannedForEncodings = 0;
			knownRegions = (
				en,
				Base,
				sk,
			);
			mainGroup = B497D71F279B5001003A689B;
			productRefGroup = B497D729279B5001003A689B /* Products */;
			projectDirPath = "";
			projectRoot = "";
			targets = (
				B497D727279B5001003A689B /* WeatherApp */,
			);
		};
/* End PBXProject section */

/* Begin PBXResourcesBuildPhase section */
		B497D726279B5001003A689B /* Resources */ = {
			isa = PBXResourcesBuildPhase;
			buildActionMask = 2147483647;
			files = (
				B497D738279B5003003A689B /* LaunchScreen.storyboard in Resources */,
				E65EAD7F27A73E5100581A0C /* Localizable.strings in Resources */,
				E65EAD7E27A73E5100581A0C /* Localizable.strings in Resources */,
				B497D735279B5003003A689B /* Assets.xcassets in Resources */,
			);
			runOnlyForDeploymentPostprocessing = 0;
		};
/* End PBXResourcesBuildPhase section */

/* Begin PBXSourcesBuildPhase section */
		B497D724279B5001003A689B /* Sources */ = {
			isa = PBXSourcesBuildPhase;
			buildActionMask = 2147483647;
			files = (
				E65EAD6E27A731AF00581A0C /* DependencyInjector.swift in Sources */,
				E6676B0327A7401200967671 /* Images.swift in Sources */,
				B497D730279B5001003A689B /* TabBarController.swift in Sources */,
				E65EAD8127A73F0200581A0C /* Localizable.swift in Sources */,
				B497D72C279B5001003A689B /* AppDelegate.swift in Sources */,
				B497D72E279B5001003A689B /* SceneDelegate.swift in Sources */,
			);
			runOnlyForDeploymentPostprocessing = 0;
		};
/* End PBXSourcesBuildPhase section */

/* Begin PBXVariantGroup section */
		B497D736279B5003003A689B /* LaunchScreen.storyboard */ = {
			isa = PBXVariantGroup;
			children = (
				B497D737279B5003003A689B /* Base */,
			);
			name = LaunchScreen.storyboard;
			sourceTree = "<group>";
		};
		E65EAD7927A73E5100581A0C /* Localizable.strings */ = {
			isa = PBXVariantGroup;
			children = (
				E65EAD7A27A73E5100581A0C /* sk */,
			);
			name = Localizable.strings;
			sourceTree = "<group>";
		};
		E65EAD7C27A73E5100581A0C /* Localizable.strings */ = {
			isa = PBXVariantGroup;
			children = (
				E65EAD7D27A73E5100581A0C /* en */,
			);
			name = Localizable.strings;
			sourceTree = "<group>";
		};
/* End PBXVariantGroup section */

/* Begin XCBuildConfiguration section */
		B497D73A279B5003003A689B /* Debug */ = {
			isa = XCBuildConfiguration;
			buildSettings = {
				ALWAYS_SEARCH_USER_PATHS = NO;
				CLANG_ANALYZER_NONNULL = YES;
				CLANG_ANALYZER_NUMBER_OBJECT_CONVERSION = YES_AGGRESSIVE;
				CLANG_CXX_LANGUAGE_STANDARD = "gnu++17";
				CLANG_CXX_LIBRARY = "libc++";
				CLANG_ENABLE_MODULES = YES;
				CLANG_ENABLE_OBJC_ARC = YES;
				CLANG_ENABLE_OBJC_WEAK = YES;
				CLANG_WARN_BLOCK_CAPTURE_AUTORELEASING = YES;
				CLANG_WARN_BOOL_CONVERSION = YES;
				CLANG_WARN_COMMA = YES;
				CLANG_WARN_CONSTANT_CONVERSION = YES;
				CLANG_WARN_DEPRECATED_OBJC_IMPLEMENTATIONS = YES;
				CLANG_WARN_DIRECT_OBJC_ISA_USAGE = YES_ERROR;
				CLANG_WARN_DOCUMENTATION_COMMENTS = YES;
				CLANG_WARN_EMPTY_BODY = YES;
				CLANG_WARN_ENUM_CONVERSION = YES;
				CLANG_WARN_INFINITE_RECURSION = YES;
				CLANG_WARN_INT_CONVERSION = YES;
				CLANG_WARN_NON_LITERAL_NULL_CONVERSION = YES;
				CLANG_WARN_OBJC_IMPLICIT_RETAIN_SELF = YES;
				CLANG_WARN_OBJC_LITERAL_CONVERSION = YES;
				CLANG_WARN_OBJC_ROOT_CLASS = YES_ERROR;
				CLANG_WARN_QUOTED_INCLUDE_IN_FRAMEWORK_HEADER = YES;
				CLANG_WARN_RANGE_LOOP_ANALYSIS = YES;
				CLANG_WARN_STRICT_PROTOTYPES = YES;
				CLANG_WARN_SUSPICIOUS_MOVE = YES;
				CLANG_WARN_UNGUARDED_AVAILABILITY = YES_AGGRESSIVE;
				CLANG_WARN_UNREACHABLE_CODE = YES;
				CLANG_WARN__DUPLICATE_METHOD_MATCH = YES;
				COPY_PHASE_STRIP = NO;
				DEBUG_INFORMATION_FORMAT = dwarf;
				ENABLE_STRICT_OBJC_MSGSEND = YES;
				ENABLE_TESTABILITY = YES;
				GCC_C_LANGUAGE_STANDARD = gnu11;
				GCC_DYNAMIC_NO_PIC = NO;
				GCC_NO_COMMON_BLOCKS = YES;
				GCC_OPTIMIZATION_LEVEL = 0;
				GCC_PREPROCESSOR_DEFINITIONS = (
					"DEBUG=1",
					"$(inherited)",
				);
				GCC_WARN_64_TO_32_BIT_CONVERSION = YES;
				GCC_WARN_ABOUT_RETURN_TYPE = YES_ERROR;
				GCC_WARN_UNDECLARED_SELECTOR = YES;
				GCC_WARN_UNINITIALIZED_AUTOS = YES_AGGRESSIVE;
				GCC_WARN_UNUSED_FUNCTION = YES;
				GCC_WARN_UNUSED_VARIABLE = YES;
				IPHONEOS_DEPLOYMENT_TARGET = 13.0;
				MTL_ENABLE_DEBUG_INFO = INCLUDE_SOURCE;
				MTL_FAST_MATH = YES;
				ONLY_ACTIVE_ARCH = YES;
				SDKROOT = iphoneos;
				SWIFT_ACTIVE_COMPILATION_CONDITIONS = DEBUG;
				SWIFT_OPTIMIZATION_LEVEL = "-Onone";
			};
			name = Debug;
		};
		B497D73B279B5003003A689B /* Release */ = {
			isa = XCBuildConfiguration;
			buildSettings = {
				ALWAYS_SEARCH_USER_PATHS = NO;
				CLANG_ANALYZER_NONNULL = YES;
				CLANG_ANALYZER_NUMBER_OBJECT_CONVERSION = YES_AGGRESSIVE;
				CLANG_CXX_LANGUAGE_STANDARD = "gnu++17";
				CLANG_CXX_LIBRARY = "libc++";
				CLANG_ENABLE_MODULES = YES;
				CLANG_ENABLE_OBJC_ARC = YES;
				CLANG_ENABLE_OBJC_WEAK = YES;
				CLANG_WARN_BLOCK_CAPTURE_AUTORELEASING = YES;
				CLANG_WARN_BOOL_CONVERSION = YES;
				CLANG_WARN_COMMA = YES;
				CLANG_WARN_CONSTANT_CONVERSION = YES;
				CLANG_WARN_DEPRECATED_OBJC_IMPLEMENTATIONS = YES;
				CLANG_WARN_DIRECT_OBJC_ISA_USAGE = YES_ERROR;
				CLANG_WARN_DOCUMENTATION_COMMENTS = YES;
				CLANG_WARN_EMPTY_BODY = YES;
				CLANG_WARN_ENUM_CONVERSION = YES;
				CLANG_WARN_INFINITE_RECURSION = YES;
				CLANG_WARN_INT_CONVERSION = YES;
				CLANG_WARN_NON_LITERAL_NULL_CONVERSION = YES;
				CLANG_WARN_OBJC_IMPLICIT_RETAIN_SELF = YES;
				CLANG_WARN_OBJC_LITERAL_CONVERSION = YES;
				CLANG_WARN_OBJC_ROOT_CLASS = YES_ERROR;
				CLANG_WARN_QUOTED_INCLUDE_IN_FRAMEWORK_HEADER = YES;
				CLANG_WARN_RANGE_LOOP_ANALYSIS = YES;
				CLANG_WARN_STRICT_PROTOTYPES = YES;
				CLANG_WARN_SUSPICIOUS_MOVE = YES;
				CLANG_WARN_UNGUARDED_AVAILABILITY = YES_AGGRESSIVE;
				CLANG_WARN_UNREACHABLE_CODE = YES;
				CLANG_WARN__DUPLICATE_METHOD_MATCH = YES;
				COPY_PHASE_STRIP = NO;
				DEBUG_INFORMATION_FORMAT = "dwarf-with-dsym";
				ENABLE_NS_ASSERTIONS = NO;
				ENABLE_STRICT_OBJC_MSGSEND = YES;
				GCC_C_LANGUAGE_STANDARD = gnu11;
				GCC_NO_COMMON_BLOCKS = YES;
				GCC_WARN_64_TO_32_BIT_CONVERSION = YES;
				GCC_WARN_ABOUT_RETURN_TYPE = YES_ERROR;
				GCC_WARN_UNDECLARED_SELECTOR = YES;
				GCC_WARN_UNINITIALIZED_AUTOS = YES_AGGRESSIVE;
				GCC_WARN_UNUSED_FUNCTION = YES;
				GCC_WARN_UNUSED_VARIABLE = YES;
				IPHONEOS_DEPLOYMENT_TARGET = 13.0;
				MTL_ENABLE_DEBUG_INFO = NO;
				MTL_FAST_MATH = YES;
				SDKROOT = iphoneos;
				SWIFT_COMPILATION_MODE = wholemodule;
				SWIFT_OPTIMIZATION_LEVEL = "-O";
				VALIDATE_PRODUCT = YES;
			};
			name = Release;
		};
		B497D73D279B5003003A689B /* Debug */ = {
			isa = XCBuildConfiguration;
			buildSettings = {
				ASSETCATALOG_COMPILER_APPICON_NAME = AppIcon;
				ASSETCATALOG_COMPILER_GLOBAL_ACCENT_COLOR_NAME = AccentColor;
				CODE_SIGN_STYLE = Automatic;
				CURRENT_PROJECT_VERSION = 1;
				DEVELOPMENT_TEAM = 7H2WM3JK95;
				GENERATE_INFOPLIST_FILE = YES;
				INFOPLIST_FILE = WeatherApp/Info.plist;
				INFOPLIST_KEY_UIApplicationSupportsIndirectInputEvents = YES;
				INFOPLIST_KEY_UILaunchStoryboardName = LaunchScreen;
				INFOPLIST_KEY_UISupportedInterfaceOrientations_iPad = "UIInterfaceOrientationPortrait UIInterfaceOrientationPortraitUpsideDown UIInterfaceOrientationLandscapeLeft UIInterfaceOrientationLandscapeRight";
				INFOPLIST_KEY_UISupportedInterfaceOrientations_iPhone = "UIInterfaceOrientationPortrait UIInterfaceOrientationLandscapeLeft UIInterfaceOrientationLandscapeRight";
				LD_RUNPATH_SEARCH_PATHS = (
					"$(inherited)",
					"@executable_path/Frameworks",
				);
				MARKETING_VERSION = 1.0;
				PRODUCT_BUNDLE_IDENTIFIER = Morfey.WeatherApp;
				PRODUCT_NAME = "$(TARGET_NAME)";
				SWIFT_EMIT_LOC_STRINGS = YES;
				SWIFT_VERSION = 5.0;
				TARGETED_DEVICE_FAMILY = "1,2";
			};
			name = Debug;
		};
		B497D73E279B5003003A689B /* Release */ = {
			isa = XCBuildConfiguration;
			buildSettings = {
				ASSETCATALOG_COMPILER_APPICON_NAME = AppIcon;
				ASSETCATALOG_COMPILER_GLOBAL_ACCENT_COLOR_NAME = AccentColor;
				CODE_SIGN_STYLE = Automatic;
				CURRENT_PROJECT_VERSION = 1;
				DEVELOPMENT_TEAM = 7H2WM3JK95;
				GENERATE_INFOPLIST_FILE = YES;
				INFOPLIST_FILE = WeatherApp/Info.plist;
				INFOPLIST_KEY_UIApplicationSupportsIndirectInputEvents = YES;
				INFOPLIST_KEY_UILaunchStoryboardName = LaunchScreen;
				INFOPLIST_KEY_UISupportedInterfaceOrientations_iPad = "UIInterfaceOrientationPortrait UIInterfaceOrientationPortraitUpsideDown UIInterfaceOrientationLandscapeLeft UIInterfaceOrientationLandscapeRight";
				INFOPLIST_KEY_UISupportedInterfaceOrientations_iPhone = "UIInterfaceOrientationPortrait UIInterfaceOrientationLandscapeLeft UIInterfaceOrientationLandscapeRight";
				LD_RUNPATH_SEARCH_PATHS = (
					"$(inherited)",
					"@executable_path/Frameworks",
				);
				MARKETING_VERSION = 1.0;
				PRODUCT_BUNDLE_IDENTIFIER = Morfey.WeatherApp;
				PRODUCT_NAME = "$(TARGET_NAME)";
				SWIFT_EMIT_LOC_STRINGS = YES;
				SWIFT_VERSION = 5.0;
				TARGETED_DEVICE_FAMILY = "1,2";
			};
			name = Release;
		};
/* End XCBuildConfiguration section */

/* Begin XCConfigurationList section */
		B497D723279B5001003A689B /* Build configuration list for PBXProject "WeatherApp" */ = {
			isa = XCConfigurationList;
			buildConfigurations = (
				B497D73A279B5003003A689B /* Debug */,
				B497D73B279B5003003A689B /* Release */,
			);
			defaultConfigurationIsVisible = 0;
			defaultConfigurationName = Release;
		};
		B497D73C279B5003003A689B /* Build configuration list for PBXNativeTarget "WeatherApp" */ = {
			isa = XCConfigurationList;
			buildConfigurations = (
				B497D73D279B5003003A689B /* Debug */,
				B497D73E279B5003003A689B /* Release */,
			);
			defaultConfigurationIsVisible = 0;
			defaultConfigurationName = Release;
		};
/* End XCConfigurationList section */

/* Begin XCSwiftPackageProductDependency section */
		B43C7C4B279C9FBA00B41C82 /* NetworkLayer */ = {
			isa = XCSwiftPackageProductDependency;
			productName = NetworkLayer;
		};
		B43C7C4F279D8A2500B41C82 /* WeatherMapFeature */ = {
			isa = XCSwiftPackageProductDependency;
			productName = WeatherMapFeature;
		};
		B43C7C52279DA7D600B41C82 /* SearchCityFeature */ = {
			isa = XCSwiftPackageProductDependency;
			productName = SearchCityFeature;
		};
		B43C7C55279DC3F600B41C82 /* WeatherDetailFeature */ = {
			isa = XCSwiftPackageProductDependency;
			productName = WeatherDetailFeature;
		};
		B497D74D279B5AC4003A689B /* UIComponents */ = {
			isa = XCSwiftPackageProductDependency;
			productName = UIComponents;
		};
		E6EB0498279F55EF00E40174 /* FavouritesFlowLayoutFeature */ = {
			isa = XCSwiftPackageProductDependency;
			productName = FavouritesFlowLayoutFeature;
		};
/* End XCSwiftPackageProductDependency section */
	};
	rootObject = B497D720279B5001003A689B /* Project object */;
}
